{
  "nodes": {
    "base16": {
      "inputs": {
        "fromYaml": "fromYaml"
      },
      "locked": {
        "lastModified": 1755819240,
        "narHash": "sha256-qcMhnL7aGAuFuutH4rq9fvAhCpJWVHLcHVZLtPctPlo=",
        "owner": "SenchoPens",
        "repo": "base16.nix",
        "rev": "75ed5e5e3fce37df22e49125181fa37899c3ccd6",
        "type": "github"
      },
      "original": {
        "owner": "SenchoPens",
        "repo": "base16.nix",
        "type": "github"
      }
    },
    "base16-fish": {
      "flake": false,
      "locked": {
        "lastModified": 1765809053,
        "narHash": "sha256-XCUQLoLfBJ8saWms2HCIj4NEN+xNsWBlU1NrEPcQG4s=",
        "owner": "tomyun",
        "repo": "base16-fish",
        "rev": "86cbea4dca62e08fb7fd83a70e96472f92574782",
        "type": "github"
      },
      "original": {
        "owner": "tomyun",
        "repo": "base16-fish",
        "rev": "86cbea4dca62e08fb7fd83a70e96472f92574782",
        "type": "github"
      }
    },
    "base16-helix": {
      "flake": false,
      "locked": {
        "lastModified": 1760703920,
        "narHash": "sha256-m82fGUYns4uHd+ZTdoLX2vlHikzwzdu2s2rYM2bNwzw=",
        "owner": "tinted-theming",
        "repo": "base16-helix",
        "rev": "d646af9b7d14bff08824538164af99d0c521b185",
        "type": "github"
      },
      "original": {
        "owner": "tinted-theming",
        "repo": "base16-helix",
        "type": "github"
      }
    },
    "base16-vim": {
      "flake": false,
      "locked": {
        "lastModified": 1732806396,
        "narHash": "sha256-e0bpPySdJf0F68Ndanwm+KWHgQiZ0s7liLhvJSWDNsA=",
        "owner": "tinted-theming",
        "repo": "base16-vim",
        "rev": "577fe8125d74ff456cf942c733a85d769afe58b7",
        "type": "github"
      },
      "original": {
        "owner": "tinted-theming",
        "repo": "base16-vim",
        "rev": "577fe8125d74ff456cf942c733a85d769afe58b7",
        "type": "github"
      }
    },
    "fenix": {
      "inputs": {
        "nixpkgs": [
          "nixpkgs"
        ],
        "rust-analyzer-src": "rust-analyzer-src"
      },
      "locked": {
        "lastModified": 1773558621,
        "narHash": "sha256-QugHMIPPW2yVeJHnGnhD+Fe0ClekbcF5E1hG6WyUb3E=",
        "owner": "nix-community",
        "repo": "fenix",
        "rev": "3dd9d31a486f3a46dd211086c6094403c55a4c1b",
        "type": "github"
      },
      "original": {
        "owner": "nix-community",
        "repo": "fenix",
        "type": "github"
      }
    },
    "firefox-gnome-theme": {
      "flake": false,
      "locked": {
        "lastModified": 1764873433,
        "narHash": "sha256-1XPewtGMi+9wN9Ispoluxunw/RwozuTRVuuQOmxzt+A=",
        "owner": "rafaelmardojai",
        "repo": "firefox-gnome-theme",
        "rev": "f7ffd917ac0d253dbd6a3bf3da06888f57c69f92",
        "type": "github"
      },
      "original": {
        "owner": "rafaelmardojai",
        "repo": "firefox-gnome-theme",
        "type": "github"
      }
    },
    "flake-parts": {
      "inputs": {
        "nixpkgs-lib": [
          "stylix",
          "nixpkgs"
        ]
      },
      "locked": {
        "lastModified": 1767609335,
        "narHash": "sha256-feveD98mQpptwrAEggBQKJTYbvwwglSbOv53uCfH9PY=",
        "owner": "hercules-ci",
        "repo": "flake-parts",
        "rev": "250481aafeb741edfe23d29195671c19b36b6dca",
        "type": "github"
      },
      "original": {
        "owner": "hercules-ci",
        "repo": "flake-parts",
        "type": "github"
      }
    },
    "fromYaml": {
      "flake": false,
      "locked": {
        "lastModified": 1731966426,
        "narHash": "sha256-lq95WydhbUTWig/JpqiB7oViTcHFP8Lv41IGtayokA8=",
        "owner": "SenchoPens",
        "repo": "fromYaml",
        "rev": "106af9e2f715e2d828df706c386a685698f3223b",
        "type": "github"
      },
      "original": {
        "owner": "SenchoPens",
        "repo": "fromYaml",
        "type": "github"
      }
    },
    "gnome-shell": {
      "flake": false,
      "locked": {
        "host": "gitlab.gnome.org",
        "lastModified": 1767737596,
        "narHash": "sha256-eFujfIUQDgWnSJBablOuG+32hCai192yRdrNHTv0a+s=",
        "owner": "GNOME",
        "repo": "gnome-shell",
        "rev": "ef02db02bf0ff342734d525b5767814770d85b49",
        "type": "gitlab"
      },
      "original": {
        "host": "gitlab.gnome.org",
        "owner": "GNOME",
        "ref": "gnome-49",
        "repo": "gnome-shell",
        "type": "gitlab"
      }
    },
    "home-manager": {
      "inputs": {
        "nixpkgs": [
          "nixpkgs"
        ]
      },
      "locked": {
        "lastModified": 1773608492,
        "narHash": "sha256-QZteyExJYSQzgxqdsesDPbQgjctGG7iKV/6ooyQPITk=",
        "owner": "nix-community",
        "repo": "home-manager",
        "rev": "9a40ec3b78fc688d0908485887d355caa5666d18",
        "type": "github"
      },
      "original": {
        "owner": "nix-community",
        "repo": "home-manager",
        "type": "github"
      }
    },
    "microvm": {
      "inputs": {
        "nixpkgs": [
          "nixpkgs"
        ],
        "spectrum": "spectrum"
      },
      "locked": {
        "lastModified": 1774640964,
        "narHash": "sha256-6VDQni4vUerMJv/W7rE+322qpv6KaIYvz347i4ChaKg=",
        "owner": "rzhikharevich",
        "repo": "microvm.nix",
        "rev": "c4f9d8f9c190c115adbde2e6e8639ed8193e86f0",
        "type": "github"
      },
      "original": {
        "owner": "rzhikharevich",
        "ref": "cloud-hv-notify-proxy-fix",
        "repo": "microvm.nix",
        "type": "github"
      }
    },
    "niri-flake": {
      "inputs": {
        "niri-stable": "niri-stable",
        "niri-unstable": "niri-unstable",
        "nixpkgs": "nixpkgs",
        "nixpkgs-stable": "nixpkgs-stable",
        "xwayland-satellite-stable": "xwayland-satellite-stable",
        "xwayland-satellite-unstable": "xwayland-satellite-unstable"
      },
      "locked": {
        "lastModified": 1773577199,
        "narHash": "sha256-Z77lGBRlueA+igtScByJ0soMRnEy5T/XG9w661OCPaw=",
        "owner": "sodiboo",
        "repo": "niri-flake",
        "rev": "afc45f69929e5b5ab23d903b24532cfe718de6be",
        "type": "github"
      },
      "original": {
        "owner": "sodiboo",
        "repo": "niri-flake",
        "type": "github"
      }
    },
    "niri-stable": {
      "flake": false,
      "locked": {
        "lastModified": 1756556321,
        "narHash": "sha256-RLD89dfjN0RVO86C/Mot0T7aduCygPGaYbog566F0Qo=",
        "owner": "YaLTeR",
        "repo": "niri",
        "rev": "01be0e65f4eb91a9cd624ac0b76aaeab765c7294",
        "type": "github"
      },
      "original": {
        "owner": "YaLTeR",
        "ref": "v25.08",
        "repo": "niri",
        "type": "github"
      }
    },
    "niri-unstable": {
      "flake": false,
      "locked": {
        "lastModified": 1773130184,
        "narHash": "sha256-3bwx4WqCB06yfQIGB+OgIckOkEDyKxiTD5pOo4Xz2rI=",
        "owner": "YaLTeR",
        "repo": "niri",
        "rev": "b07bde3ee82dd73115e6b949e4f3f63695da35ea",
        "type": "github"
      },
      "original": {
        "owner": "YaLTeR",
        "repo": "niri",
        "type": "github"
      }
    },
    "nixos-hardware": {
      "locked": {
        "lastModified": 1773533765,
        "narHash": "sha256-qonGfS2lzCgCl59Zl63jF6dIRRpvW3AJooBGMaXjHiY=",
        "owner": "NixOS",
        "repo": "nixos-hardware",
        "rev": "f8e82243fd601afb9f59ad230958bd073795cbfe",
        "type": "github"
      },
      "original": {
        "owner": "NixOS",
        "ref": "master",
        "repo": "nixos-hardware",
        "type": "github"
      }
    },
    "nixpkgs": {
      "locked": {
        "lastModified": 1773389992,
        "narHash": "sha256-wvfdLLWJ2I9oEpDd9PfMA8osfIZicoQ5MT1jIwNs9Tk=",
        "owner": "NixOS",
        "repo": "nixpkgs",
        "rev": "c06b4ae3d6599a672a6210b7021d699c351eebda",
        "type": "github"
      },
      "original": {
        "owner": "NixOS",
        "ref": "nixos-unstable",
        "repo": "nixpkgs",
        "type": "github"
      }
    },
    "nixpkgs-stable": {
      "locked": {
        "lastModified": 1773524153,
        "narHash": "sha256-Jms57zzlFf64ayKzzBWSE2SGvJmK+NGt8Gli71d9kmY=",
        "owner": "NixOS",
        "repo": "nixpkgs",
        "rev": "e9f278faa1d0c2fc835bd331d4666b59b505a410",
        "type": "github"
      },
      "original": {
        "owner": "NixOS",
        "ref": "nixos-25.11",
        "repo": "nixpkgs",
        "type": "github"
      }
    },
    "nixpkgs_2": {
      "locked": {
        "lastModified": 1773389992,
        "narHash": "sha256-wvfdLLWJ2I9oEpDd9PfMA8osfIZicoQ5MT1jIwNs9Tk=",
        "owner": "NixOS",
        "repo": "nixpkgs",
        "rev": "c06b4ae3d6599a672a6210b7021d699c351eebda",
        "type": "github"
      },
      "original": {
        "owner": "NixOS",
        "ref": "nixos-unstable",
        "repo": "nixpkgs",
        "type": "github"
      }
    },
    "nur": {
      "inputs": {
        "flake-parts": [
          "stylix",
          "flake-parts"
        ],
        "nixpkgs": [
          "stylix",
          "nixpkgs"
        ]
      },
      "locked": {
        "lastModified": 1767810917,
        "narHash": "sha256-ZKqhk772+v/bujjhla9VABwcvz+hB2IaRyeLT6CFnT0=",
        "owner": "nix-community",
        "repo": "NUR",
        "rev": "dead29c804adc928d3a69dfe7f9f12d0eec1f1a4",
        "type": "github"
      },
      "original": {
        "owner": "nix-community",
        "repo": "NUR",
        "type": "github"
      }
    },
    "root": {
      "inputs": {
        "fenix": "fenix",
        "home-manager": "home-manager",
        "microvm": "microvm",
        "niri-flake": "niri-flake",
        "nixos-hardware": "nixos-hardware",
        "nixpkgs": "nixpkgs_2",
        "stylix": "stylix"
      }
    },
    "rust-analyzer-src": {
      "flake": false,
      "locked": {
        "lastModified": 1773505415,
        "narHash": "sha256-KqErTOj3DYdAlgUaOTs61Y5Q/fzQ4+ZmgcifX/b/8+g=",
        "owner": "rust-lang",
        "repo": "rust-analyzer",
        "rev": "6aa169dff77f0098adc4926fa4c84ab92fe3f2a1",
        "type": "github"
      },
      "original": {
        "owner": "rust-lang",
        "ref": "nightly",
        "repo": "rust-analyzer",
        "type": "github"
      }
    },
    "spectrum": {
      "flake": false,
      "locked": {
        "lastModified": 1772189877,
        "narHash": "sha256-i1p90Rgssb//aNiTDFq46ZG/fk3LmyRLChtp/9lddyA=",
        "ref": "refs/heads/main",
        "rev": "fe39e122d898f66e89ffa17d4f4209989ccb5358",
        "revCount": 1255,
        "type": "git",
        "url": "https://spectrum-os.org/git/spectrum"
      },
      "original": {
        "type": "git",
        "url": "https://spectrum-os.org/git/spectrum"
      }
    },
    "stylix": {
      "inputs": {
        "base16": "base16",
        "base16-fish": "base16-fish",
        "base16-helix": "base16-helix",
        "base16-vim": "base16-vim",
        "firefox-gnome-theme": "firefox-gnome-theme",
        "flake-parts": "flake-parts",
        "gnome-shell": "gnome-shell",
        "nixpkgs": [
          "nixpkgs"
        ],
        "nur": "nur",
        "systems": "systems",
        "tinted-kitty": "tinted-kitty",
        "tinted-schemes": "tinted-schemes",
        "tinted-tmux": "tinted-tmux",
        "tinted-zed": "tinted-zed"
      },
      "locked": {
        "lastModified": 1773662853,
        "narHash": "sha256-CJMQx2b/doQ8JrICsr7zp6Jo7CGbdWXtYUBD7x/5/uY=",
        "owner": "MrSom3body-contrib",
        "repo": "stylix",
        "rev": "c52a700223cb2cfa1fb42b9de84887c72eb98825",
        "type": "github"
      },
      "original": {
        "owner": "MrSom3body-contrib",
        "repo": "stylix",
        "rev": "c52a700223cb2cfa1fb42b9de84887c72eb98825",
        "type": "github"
      }
    },
    "systems": {
      "locked": {
        "lastModified": 1681028828,
        "narHash": "sha256-Vy1rq5AaRuLzOxct8nz4T6wlgyUR7zLU309k9mBC768=",
        "owner": "nix-systems",
        "repo": "default",
        "rev": "da67096a3b9bf56a91d16901293e51ba5b49a27e",
        "type": "github"
      },
      "original": {
        "owner": "nix-systems",
        "repo": "default",
        "type": "github"
      }
    },
    "tinted-kitty": {
      "flake": false,
      "locked": {
        "lastModified": 1735730497,
        "narHash": "sha256-4KtB+FiUzIeK/4aHCKce3V9HwRvYaxX+F1edUrfgzb8=",
        "owner": "tinted-theming",
        "repo": "tinted-kitty",
        "rev": "de6f888497f2c6b2279361bfc790f164bfd0f3fa",
        "type": "github"
      },
      "original": {
        "owner": "tinted-theming",
        "repo": "tinted-kitty",
        "type": "github"
      }
    },
    "tinted-schemes": {
      "flake": false,
      "locked": {
        "lastModified": 1767710407,
        "narHash": "sha256-+W1EB79Jl0/gm4JqmO0Nuc5C7hRdp4vfsV/VdzI+des=",
        "owner": "tinted-theming",
        "repo": "schemes",
        "rev": "2800e2b8ac90f678d7e4acebe4fa253f602e05b2",
        "type": "github"
      },
      "original": {
        "owner": "tinted-theming",
        "repo": "schemes",
        "type": "github"
      }
    },
    "tinted-tmux": {
      "flake": false,
      "locked": {
        "lastModified": 1767489635,
        "narHash": "sha256-e6nnFnWXKBCJjCv4QG4bbcouJ6y3yeT70V9MofL32lU=",
        "owner": "tinted-theming",
        "repo": "tinted-tmux",
        "rev": "3c32729ccae99be44fe8a125d20be06f8d7d8184",
        "type": "github"
      },
      "original": {
        "owner": "tinted-theming",
        "repo": "tinted-tmux",
        "type": "github"
      }
    },
    "tinted-zed": {
      "flake": false,
      "locked": {
        "lastModified": 1767488740,
        "narHash": "sha256-wVOj0qyil8m+ouSsVZcNjl5ZR+1GdOOAooAatQXHbuU=",
        "owner": "tinted-theming",
        "repo": "base16-zed",
        "rev": "11abb0b282ad3786a2aae088d3a01c60916f2e40",
        "type": "github"
      },
      "original": {
        "owner": "tinted-theming",
        "repo": "base16-zed",
        "type": "github"
      }
    },
    "xwayland-satellite-stable": {
      "flake": false,
      "locked": {
        "lastModified": 1755491097,
        "narHash": "sha256-m+9tUfsmBeF2Gn4HWa6vSITZ4Gz1eA1F5Kh62B0N4oE=",
        "owner": "Supreeeme",
        "repo": "xwayland-satellite",
        "rev": "388d291e82ffbc73be18169d39470f340707edaa",
        "type": "github"
      },
      "original": {
        "owner": "Supreeeme",
        "ref": "v0.7",
        "repo": "xwayland-satellite",
        "type": "github"
      }
    },
    "xwayland-satellite-unstable": {
      "flake": false,
      "locked": {
        "lastModified": 1773499041,
        "narHash": "sha256-XZ4/tVdLeAYDgKe4JD4C7yYUKydMxwt8c2j6APFWcIc=",
        "owner": "Supreeeme",
        "repo": "xwayland-satellite",
        "rev": "309d8e2a29953f7465dc14c939e2afe4682c0aa9",
        "type": "github"
      },
      "original": {
        "owner": "Supreeeme",
        "repo": "xwayland-satellite",
        "type": "github"
      }
    }
  },
  "root": "root",
  "version": 7
}
